
Microsoft Visual Studio Solution File, Format Version 12.00
# Visual Studio Version 17
VisualStudioVersion = 17.3.32714.290
MinimumVisualStudioVersion = 10.0.40219.1
Project("{9A19103F-16F7-4668-BE54-9A1E7A4F7556}") = "BlazorSample", "BlazorSample.csproj", "{ABEBEC63-589B-4051-8419-EE9D358C1A38}"
EndProject
Global
	GlobalSection(SolutionConfigurationPlatforms) = preSolution
		Debug|Any CPU = Debug|Any CPU
		Release|Any CPU = Release|Any CPU
	EndGlobalSection
	GlobalSection(ProjectConfigurationPlatforms) = postSolution
		{ABEBEC63-589B-4051-8419-EE9D358C1A38}.Debug|Any CPU.ActiveCfg = Debug|Any CPU
		{ABEBEC63-589B-4051-8419-EE9D358C1A38}.Debug|Any CPU.Build.0 = Debug|Any CPU
		{ABEBEC63-589B-4051-8419-EE9D358C1A38}.Release|Any CPU.ActiveCfg = Release|Any CPU
		{ABEBEC63-589B-4051-8419-EE9D358C1A38}.Release|Any CPU.Build.0 = Release|Any CPU
	EndGlobalSection
	GlobalSection(SolutionProperties) = preSolution
		HideSolutionNode = FALSE
	EndGlobalSection
	GlobalSection(ExtensibilityGlobals) = postSolution
		SolutionGuid = {8299CFC4-B9F3-4079-AB43-1DF0C80E2FD7}
	EndGlobalSection
EndGlobal
