
Microsoft Visual Studio Solution File, Format Version 12.00
# Visual Studio Version 18
VisualStudioVersion = 18.0.11121.172 d18.0
MinimumVisualStudioVersion = 10.0.40219.1
Project("{FAE04EC0-301F-11D3-BF4B-00C04F79EFBC}") = "BlazorSample", "BlazorSample.csproj", "{EC695F66-DCC5-535B-D5A1-9907C283E140}"
EndProject
Global
	GlobalSection(SolutionConfigurationPlatforms) = preSolution
		Debug|Any CPU = Debug|Any CPU
		Release|Any CPU = Release|Any CPU
	EndGlobalSection
	GlobalSection(ProjectConfigurationPlatforms) = postSolution
		{EC695F66-DCC5-535B-D5A1-9907C283E140}.Debug|Any CPU.ActiveCfg = Debug|Any CPU
		{EC695F66-DCC5-535B-D5A1-9907C283E140}.Debug|Any CPU.Build.0 = Debug|Any CPU
		{EC695F66-DCC5-535B-D5A1-9907C283E140}.Release|Any CPU.ActiveCfg = Release|Any CPU
		{EC695F66-DCC5-535B-D5A1-9907C283E140}.Release|Any CPU.Build.0 = Release|Any CPU
	EndGlobalSection
	GlobalSection(SolutionProperties) = preSolution
		HideSolutionNode = FALSE
	EndGlobalSection
	GlobalSection(ExtensibilityGlobals) = postSolution
		SolutionGuid = {5F6E9312-0944-4761-B417-A8B1A1D56735}
	EndGlobalSection
EndGlobal
