
Microsoft Visual Studio Solution File, Format Version 12.00
# Visual Studio Version 17
VisualStudioVersion = 17.3.32714.290
MinimumVisualStudioVersion = 10.0.40219.1
Project("{9A19103F-16F7-4668-BE54-9A1E7A4F7556}") = "BlazorSample", "BlazorSample.csproj", "{FBA9AED5-8467-4B26-88FC-9F6FDA8A94C8}"
EndProject
Global
	GlobalSection(SolutionConfigurationPlatforms) = preSolution
		Debug|Any CPU = Debug|Any CPU
		Release|Any CPU = Release|Any CPU
	EndGlobalSection
	GlobalSection(ProjectConfigurationPlatforms) = postSolution
		{FBA9AED5-8467-4B26-88FC-9F6FDA8A94C8}.Debug|Any CPU.ActiveCfg = Debug|Any CPU
		{FBA9AED5-8467-4B26-88FC-9F6FDA8A94C8}.Debug|Any CPU.Build.0 = Debug|Any CPU
		{FBA9AED5-8467-4B26-88FC-9F6FDA8A94C8}.Release|Any CPU.ActiveCfg = Release|Any CPU
		{FBA9AED5-8467-4B26-88FC-9F6FDA8A94C8}.Release|Any CPU.Build.0 = Release|Any CPU
	EndGlobalSection
	GlobalSection(SolutionProperties) = preSolution
		HideSolutionNode = FALSE
	EndGlobalSection
	GlobalSection(ExtensibilityGlobals) = postSolution
		SolutionGuid = {450E0555-B4CB-46F2-A5A2-F4D7531F03F6}
	EndGlobalSection
EndGlobal
