
Microsoft Visual Studio Solution File, Format Version 12.00
# Visual Studio Version 17
VisualStudioVersion = 17.13.35716.79
MinimumVisualStudioVersion = 10.0.40219.1
Project("{FAE04EC0-301F-11D3-BF4B-00C04F79EFBC}") = "BlazorWebAppWinAuthServer", "BlazorWebAppWinAuthServer.csproj", "{A52F8977-0BFE-42D8-A112-7AA30C5BB061}"
EndProject
Global
	GlobalSection(SolutionConfigurationPlatforms) = preSolution
		Debug|Any CPU = Debug|Any CPU
		Release|Any CPU = Release|Any CPU
	EndGlobalSection
	GlobalSection(ProjectConfigurationPlatforms) = postSolution
		{A52F8977-0BFE-42D8-A112-7AA30C5BB061}.Debug|Any CPU.ActiveCfg = Debug|Any CPU
		{A52F8977-0BFE-42D8-A112-7AA30C5BB061}.Debug|Any CPU.Build.0 = Debug|Any CPU
		{A52F8977-0BFE-42D8-A112-7AA30C5BB061}.Release|Any CPU.ActiveCfg = Release|Any CPU
		{A52F8977-0BFE-42D8-A112-7AA30C5BB061}.Release|Any CPU.Build.0 = Release|Any CPU
	EndGlobalSection
	GlobalSection(SolutionProperties) = preSolution
		HideSolutionNode = FALSE
	EndGlobalSection
	GlobalSection(ExtensibilityGlobals) = postSolution
		SolutionGuid = {300D7C2C-E546-463A-81D9-A5DC32CFE763}
	EndGlobalSection
EndGlobal
