
Microsoft Visual Studio Solution File, Format Version 12.00
# Visual Studio Version 17
VisualStudioVersion = 17.3.32714.290
MinimumVisualStudioVersion = 10.0.40219.1
Project("{9A19103F-16F7-4668-BE54-9A1E7A4F7556}") = "BlazorSample", "BlazorSample.csproj", "{366E73C9-4811-4B01-B9C0-62AF73A7B1CF}"
EndProject
Global
	GlobalSection(SolutionConfigurationPlatforms) = preSolution
		Debug|Any CPU = Debug|Any CPU
		Release|Any CPU = Release|Any CPU
	EndGlobalSection
	GlobalSection(ProjectConfigurationPlatforms) = postSolution
		{366E73C9-4811-4B01-B9C0-62AF73A7B1CF}.Debug|Any CPU.ActiveCfg = Debug|Any CPU
		{366E73C9-4811-4B01-B9C0-62AF73A7B1CF}.Debug|Any CPU.Build.0 = Debug|Any CPU
		{366E73C9-4811-4B01-B9C0-62AF73A7B1CF}.Release|Any CPU.ActiveCfg = Release|Any CPU
		{366E73C9-4811-4B01-B9C0-62AF73A7B1CF}.Release|Any CPU.Build.0 = Release|Any CPU
	EndGlobalSection
	GlobalSection(SolutionProperties) = preSolution
		HideSolutionNode = FALSE
	EndGlobalSection
	GlobalSection(ExtensibilityGlobals) = postSolution
		SolutionGuid = {1A14F47E-72BA-40F0-9A73-803E45D20343}
	EndGlobalSection
EndGlobal
