
Microsoft Visual Studio Solution File, Format Version 12.00
# Visual Studio Version 17
VisualStudioVersion = 17.8.34219.65
MinimumVisualStudioVersion = 10.0.40219.1
Project("{9A19103F-16F7-4668-BE54-9A1E7A4F7556}") = "BlazorSample", "BlazorSample.csproj", "{AFFAAE7D-19A6-4955-ABC4-3E89073BFFCF}"
EndProject
Global
	GlobalSection(SolutionConfigurationPlatforms) = preSolution
		Debug|Any CPU = Debug|Any CPU
		Release|Any CPU = Release|Any CPU
	EndGlobalSection
	GlobalSection(ProjectConfigurationPlatforms) = postSolution
		{AFFAAE7D-19A6-4955-ABC4-3E89073BFFCF}.Debug|Any CPU.ActiveCfg = Debug|Any CPU
		{AFFAAE7D-19A6-4955-ABC4-3E89073BFFCF}.Debug|Any CPU.Build.0 = Debug|Any CPU
		{AFFAAE7D-19A6-4955-ABC4-3E89073BFFCF}.Release|Any CPU.ActiveCfg = Release|Any CPU
		{AFFAAE7D-19A6-4955-ABC4-3E89073BFFCF}.Release|Any CPU.Build.0 = Release|Any CPU
	EndGlobalSection
	GlobalSection(SolutionProperties) = preSolution
		HideSolutionNode = FALSE
	EndGlobalSection
	GlobalSection(ExtensibilityGlobals) = postSolution
		SolutionGuid = {B5150473-77C3-4D5D-8F61-4B497A0896D5}
	EndGlobalSection
EndGlobal
