
Microsoft Visual Studio Solution File, Format Version 12.00
# Visual Studio Version 17
VisualStudioVersion = 17.9.34407.89
MinimumVisualStudioVersion = 10.0.40219.1
Project("{9A19103F-16F7-4668-BE54-9A1E7A4F7556}") = "BlazorWebAppOidc", "BlazorWebAppOidc\BlazorWebAppOidc.csproj", "{FA543A49-C954-4504-8090-ABA55920B72B}"
EndProject
Project("{9A19103F-16F7-4668-BE54-9A1E7A4F7556}") = "BlazorWebAppOidc.Client", "BlazorWebAppOidc.Client\BlazorWebAppOidc.Client.csproj", "{7B3838A1-D145-479C-9B79-6D2CD1775B71}"
EndProject
Global
	GlobalSection(SolutionConfigurationPlatforms) = preSolution
		Debug|Any CPU = Debug|Any CPU
		Release|Any CPU = Release|Any CPU
	EndGlobalSection
	GlobalSection(ProjectConfigurationPlatforms) = postSolution
		{FA543A49-C954-4504-8090-ABA55920B72B}.Debug|Any CPU.ActiveCfg = Debug|Any CPU
		{FA543A49-C954-4504-8090-ABA55920B72B}.Debug|Any CPU.Build.0 = Debug|Any CPU
		{FA543A49-C954-4504-8090-ABA55920B72B}.Release|Any CPU.ActiveCfg = Release|Any CPU
		{FA543A49-C954-4504-8090-ABA55920B72B}.Release|Any CPU.Build.0 = Release|Any CPU
		{7B3838A1-D145-479C-9B79-6D2CD1775B71}.Debug|Any CPU.ActiveCfg = Debug|Any CPU
		{7B3838A1-D145-479C-9B79-6D2CD1775B71}.Debug|Any CPU.Build.0 = Debug|Any CPU
		{7B3838A1-D145-479C-9B79-6D2CD1775B71}.Release|Any CPU.ActiveCfg = Release|Any CPU
		{7B3838A1-D145-479C-9B79-6D2CD1775B71}.Release|Any CPU.Build.0 = Release|Any CPU
	EndGlobalSection
	GlobalSection(SolutionProperties) = preSolution
		HideSolutionNode = FALSE
	EndGlobalSection
	GlobalSection(ExtensibilityGlobals) = postSolution
		SolutionGuid = {CB9D0BF2-DFA1-4B11-8188-9B3F35FCC226}
	EndGlobalSection
EndGlobal
