
Microsoft Visual Studio Solution File, Format Version 12.00
# Visual Studio Version 18
VisualStudioVersion = 18.0.11123.170 d18.0
MinimumVisualStudioVersion = 10.0.40219.1
Project("{FAE04EC0-301F-11D3-BF4B-00C04F79EFBC}") = "BlazorWebAppSpreadOutStaticSsrComponents", "BlazorWebAppSpreadOutStaticSsrComponents.csproj", "{5A0492A6-BC8A-59CA-54F7-622EF9E5FC2E}"
EndProject
Global
	GlobalSection(SolutionConfigurationPlatforms) = preSolution
		Debug|Any CPU = Debug|Any CPU
		Release|Any CPU = Release|Any CPU
	EndGlobalSection
	GlobalSection(ProjectConfigurationPlatforms) = postSolution
		{5A0492A6-BC8A-59CA-54F7-622EF9E5FC2E}.Debug|Any CPU.ActiveCfg = Debug|Any CPU
		{5A0492A6-BC8A-59CA-54F7-622EF9E5FC2E}.Debug|Any CPU.Build.0 = Debug|Any CPU
		{5A0492A6-BC8A-59CA-54F7-622EF9E5FC2E}.Release|Any CPU.ActiveCfg = Release|Any CPU
		{5A0492A6-BC8A-59CA-54F7-622EF9E5FC2E}.Release|Any CPU.Build.0 = Release|Any CPU
	EndGlobalSection
	GlobalSection(SolutionProperties) = preSolution
		HideSolutionNode = FALSE
	EndGlobalSection
	GlobalSection(ExtensibilityGlobals) = postSolution
		SolutionGuid = {B9A095CE-99C3-4507-93F2-526449C2E083}
	EndGlobalSection
EndGlobal
