
Microsoft Visual Studio Solution File, Format Version 12.00
# Visual Studio Version 17
VisualStudioVersion = 17.3.32714.290
MinimumVisualStudioVersion = 10.0.40219.1
Project("{9A19103F-16F7-4668-BE54-9A1E7A4F7556}") = "BlazorSample", "BlazorSample.csproj", "{593E360C-3D3E-4256-BC45-E138777EA002}"
EndProject
Global
	GlobalSection(SolutionConfigurationPlatforms) = preSolution
		Debug|Any CPU = Debug|Any CPU
		Release|Any CPU = Release|Any CPU
	EndGlobalSection
	GlobalSection(ProjectConfigurationPlatforms) = postSolution
		{593E360C-3D3E-4256-BC45-E138777EA002}.Debug|Any CPU.ActiveCfg = Debug|Any CPU
		{593E360C-3D3E-4256-BC45-E138777EA002}.Debug|Any CPU.Build.0 = Debug|Any CPU
		{593E360C-3D3E-4256-BC45-E138777EA002}.Release|Any CPU.ActiveCfg = Release|Any CPU
		{593E360C-3D3E-4256-BC45-E138777EA002}.Release|Any CPU.Build.0 = Release|Any CPU
	EndGlobalSection
	GlobalSection(SolutionProperties) = preSolution
		HideSolutionNode = FALSE
	EndGlobalSection
	GlobalSection(ExtensibilityGlobals) = postSolution
		SolutionGuid = {24F1D193-36D4-48BA-8016-B574451EF56E}
	EndGlobalSection
EndGlobal
