
Microsoft Visual Studio Solution File, Format Version 12.00
# Visual Studio Version 17
VisualStudioVersion = 17.8.34219.65
MinimumVisualStudioVersion = 10.0.40219.1
Project("{9A19103F-16F7-4668-BE54-9A1E7A4F7556}") = "BlazorSignalRApp", "BlazorSignalRApp.csproj", "{F6F93D28-BE91-4656-9C29-F8EC30371E09}"
EndProject
Global
	GlobalSection(SolutionConfigurationPlatforms) = preSolution
		Debug|Any CPU = Debug|Any CPU
		Release|Any CPU = Release|Any CPU
	EndGlobalSection
	GlobalSection(ProjectConfigurationPlatforms) = postSolution
		{F6F93D28-BE91-4656-9C29-F8EC30371E09}.Debug|Any CPU.ActiveCfg = Debug|Any CPU
		{F6F93D28-BE91-4656-9C29-F8EC30371E09}.Debug|Any CPU.Build.0 = Debug|Any CPU
		{F6F93D28-BE91-4656-9C29-F8EC30371E09}.Release|Any CPU.ActiveCfg = Release|Any CPU
		{F6F93D28-BE91-4656-9C29-F8EC30371E09}.Release|Any CPU.Build.0 = Release|Any CPU
	EndGlobalSection
	GlobalSection(SolutionProperties) = preSolution
		HideSolutionNode = FALSE
	EndGlobalSection
	GlobalSection(ExtensibilityGlobals) = postSolution
		SolutionGuid = {CD8AFC45-0477-48C8-968B-019ED68865C0}
	EndGlobalSection
EndGlobal
