
Microsoft Visual Studio Solution File, Format Version 12.00
# Visual Studio Version 17
VisualStudioVersion = 17.12.35209.166
MinimumVisualStudioVersion = 10.0.40219.1
Project("{FAE04EC0-301F-11D3-BF4B-00C04F79EFBC}") = "BlazorWebAssemblyEntraGroupsAndRoles", "BlazorWebAssemblyEntraGroupsAndRoles.csproj", "{3A1B726D-EDCD-49D9-B87E-D3C672622043}"
EndProject
Global
	GlobalSection(SolutionConfigurationPlatforms) = preSolution
		Debug|Any CPU = Debug|Any CPU
		Release|Any CPU = Release|Any CPU
	EndGlobalSection
	GlobalSection(ProjectConfigurationPlatforms) = postSolution
		{3A1B726D-EDCD-49D9-B87E-D3C672622043}.Debug|Any CPU.ActiveCfg = Debug|Any CPU
		{3A1B726D-EDCD-49D9-B87E-D3C672622043}.Debug|Any CPU.Build.0 = Debug|Any CPU
		{3A1B726D-EDCD-49D9-B87E-D3C672622043}.Release|Any CPU.ActiveCfg = Release|Any CPU
		{3A1B726D-EDCD-49D9-B87E-D3C672622043}.Release|Any CPU.Build.0 = Release|Any CPU
	EndGlobalSection
	GlobalSection(SolutionProperties) = preSolution
		HideSolutionNode = FALSE
	EndGlobalSection
	GlobalSection(ExtensibilityGlobals) = postSolution
		SolutionGuid = {99A28C76-238A-4075-9F0C-C6FF2B495F76}
	EndGlobalSection
EndGlobal
