
Microsoft Visual Studio Solution File, Format Version 12.00
# Visual Studio Version 17
VisualStudioVersion = 17.10.34607.79
MinimumVisualStudioVersion = 10.0.40219.1
Project("{9A19103F-16F7-4668-BE54-9A1E7A4F7556}") = "StandMEID80GraphSDK", "StandMEID80GraphSDK.csproj", "{6F66AC66-C8D2-4C5A-AF87-B8AD40D1E954}"
EndProject
Global
	GlobalSection(SolutionConfigurationPlatforms) = preSolution
		Debug|Any CPU = Debug|Any CPU
		Release|Any CPU = Release|Any CPU
	EndGlobalSection
	GlobalSection(ProjectConfigurationPlatforms) = postSolution
		{6F66AC66-C8D2-4C5A-AF87-B8AD40D1E954}.Debug|Any CPU.ActiveCfg = Debug|Any CPU
		{6F66AC66-C8D2-4C5A-AF87-B8AD40D1E954}.Debug|Any CPU.Build.0 = Debug|Any CPU
		{6F66AC66-C8D2-4C5A-AF87-B8AD40D1E954}.Release|Any CPU.ActiveCfg = Release|Any CPU
		{6F66AC66-C8D2-4C5A-AF87-B8AD40D1E954}.Release|Any CPU.Build.0 = Release|Any CPU
	EndGlobalSection
	GlobalSection(SolutionProperties) = preSolution
		HideSolutionNode = FALSE
	EndGlobalSection
	GlobalSection(ExtensibilityGlobals) = postSolution
		SolutionGuid = {876259FD-A1BF-4079-A5A2-9E1B271C12AF}
	EndGlobalSection
EndGlobal
