
Microsoft Visual Studio Solution File, Format Version 12.00
# Visual Studio Version 17
VisualStudioVersion = 17.13.35716.79 d17.13
MinimumVisualStudioVersion = 10.0.40219.1
Project("{FAE04EC0-301F-11D3-BF4B-00C04F79EFBC}") = "BlazorWebAppSpreadOutStaticSsrComponents", "BlazorWebAppSpreadOutStaticSsrComponents.csproj", "{06CAFFE7-6C15-4D6E-801C-D596D66D6B14}"
EndProject
Global
	GlobalSection(SolutionConfigurationPlatforms) = preSolution
		Debug|Any CPU = Debug|Any CPU
		Release|Any CPU = Release|Any CPU
	EndGlobalSection
	GlobalSection(ProjectConfigurationPlatforms) = postSolution
		{06CAFFE7-6C15-4D6E-801C-D596D66D6B14}.Debug|Any CPU.ActiveCfg = Debug|Any CPU
		{06CAFFE7-6C15-4D6E-801C-D596D66D6B14}.Debug|Any CPU.Build.0 = Debug|Any CPU
		{06CAFFE7-6C15-4D6E-801C-D596D66D6B14}.Release|Any CPU.ActiveCfg = Release|Any CPU
		{06CAFFE7-6C15-4D6E-801C-D596D66D6B14}.Release|Any CPU.Build.0 = Release|Any CPU
	EndGlobalSection
	GlobalSection(SolutionProperties) = preSolution
		HideSolutionNode = FALSE
	EndGlobalSection
	GlobalSection(ExtensibilityGlobals) = postSolution
		SolutionGuid = {08746BC5-5F3B-4B3D-B04E-3FF096FA211F}
	EndGlobalSection
EndGlobal
