
Microsoft Visual Studio Solution File, Format Version 12.00
# Visual Studio Version 17
VisualStudioVersion = 17.8.34227.203
MinimumVisualStudioVersion = 10.0.40219.1
Project("{9A19103F-16F7-4668-BE54-9A1E7A4F7556}") = "BlazorWasmAuth", "BlazorWasmAuth\BlazorWasmAuth.csproj", "{01AB85E7-8EA5-4019-9A2F-EA76D2C70CD5}"
EndProject
Project("{9A19103F-16F7-4668-BE54-9A1E7A4F7556}") = "Backend", "Backend\Backend.csproj", "{DAFFE81D-7A08-40E0-9E14-E4F2E6D6F705}"
EndProject
Global
	GlobalSection(SolutionConfigurationPlatforms) = preSolution
		Debug|Any CPU = Debug|Any CPU
		Release|Any CPU = Release|Any CPU
	EndGlobalSection
	GlobalSection(ProjectConfigurationPlatforms) = postSolution
		{01AB85E7-8EA5-4019-9A2F-EA76D2C70CD5}.Debug|Any CPU.ActiveCfg = Debug|Any CPU
		{01AB85E7-8EA5-4019-9A2F-EA76D2C70CD5}.Debug|Any CPU.Build.0 = Debug|Any CPU
		{01AB85E7-8EA5-4019-9A2F-EA76D2C70CD5}.Release|Any CPU.ActiveCfg = Release|Any CPU
		{01AB85E7-8EA5-4019-9A2F-EA76D2C70CD5}.Release|Any CPU.Build.0 = Release|Any CPU
		{DAFFE81D-7A08-40E0-9E14-E4F2E6D6F705}.Debug|Any CPU.ActiveCfg = Debug|Any CPU
		{DAFFE81D-7A08-40E0-9E14-E4F2E6D6F705}.Debug|Any CPU.Build.0 = Debug|Any CPU
		{DAFFE81D-7A08-40E0-9E14-E4F2E6D6F705}.Release|Any CPU.ActiveCfg = Release|Any CPU
		{DAFFE81D-7A08-40E0-9E14-E4F2E6D6F705}.Release|Any CPU.Build.0 = Release|Any CPU
	EndGlobalSection
	GlobalSection(SolutionProperties) = preSolution
		HideSolutionNode = FALSE
	EndGlobalSection
	GlobalSection(ExtensibilityGlobals) = postSolution
		SolutionGuid = {15B7A13A-5D81-48B0-B19B-45AF25C29C20}
	EndGlobalSection
EndGlobal
