
Microsoft Visual Studio Solution File, Format Version 12.00
# Visual Studio Version 18
VisualStudioVersion = 18.0.11123.170 d18.0
MinimumVisualStudioVersion = 10.0.40219.1
Project("{FAE04EC0-301F-11D3-BF4B-00C04F79EFBC}") = "BlazorWebAppAreaOfStaticSsrComponents", "BlazorWebAppAreaOfStaticSsrComponents.csproj", "{34513E12-4445-F48D-D84F-8F8E0FB00C24}"
EndProject
Global
	GlobalSection(SolutionConfigurationPlatforms) = preSolution
		Debug|Any CPU = Debug|Any CPU
		Release|Any CPU = Release|Any CPU
	EndGlobalSection
	GlobalSection(ProjectConfigurationPlatforms) = postSolution
		{34513E12-4445-F48D-D84F-8F8E0FB00C24}.Debug|Any CPU.ActiveCfg = Debug|Any CPU
		{34513E12-4445-F48D-D84F-8F8E0FB00C24}.Debug|Any CPU.Build.0 = Debug|Any CPU
		{34513E12-4445-F48D-D84F-8F8E0FB00C24}.Release|Any CPU.ActiveCfg = Release|Any CPU
		{34513E12-4445-F48D-D84F-8F8E0FB00C24}.Release|Any CPU.Build.0 = Release|Any CPU
	EndGlobalSection
	GlobalSection(SolutionProperties) = preSolution
		HideSolutionNode = FALSE
	EndGlobalSection
	GlobalSection(ExtensibilityGlobals) = postSolution
		SolutionGuid = {2C22F3BC-74DC-4053-8AE6-B299677E6D53}
	EndGlobalSection
EndGlobal
