
Microsoft Visual Studio Solution File, Format Version 12.00
# Visual Studio Version 18
VisualStudioVersion = 18.0.11121.172 d18.0
MinimumVisualStudioVersion = 10.0.40219.1
Project("{FAE04EC0-301F-11D3-BF4B-00C04F79EFBC}") = "BlazorWebAssemblyScopesLogger", "BlazorWebAssemblyScopesLogger.csproj", "{943CA0B0-8A6E-F211-A6CC-73D09F968423}"
EndProject
Global
	GlobalSection(SolutionConfigurationPlatforms) = preSolution
		Debug|Any CPU = Debug|Any CPU
		Release|Any CPU = Release|Any CPU
	EndGlobalSection
	GlobalSection(ProjectConfigurationPlatforms) = postSolution
		{943CA0B0-8A6E-F211-A6CC-73D09F968423}.Debug|Any CPU.ActiveCfg = Debug|Any CPU
		{943CA0B0-8A6E-F211-A6CC-73D09F968423}.Debug|Any CPU.Build.0 = Debug|Any CPU
		{943CA0B0-8A6E-F211-A6CC-73D09F968423}.Release|Any CPU.ActiveCfg = Release|Any CPU
		{943CA0B0-8A6E-F211-A6CC-73D09F968423}.Release|Any CPU.Build.0 = Release|Any CPU
	EndGlobalSection
	GlobalSection(SolutionProperties) = preSolution
		HideSolutionNode = FALSE
	EndGlobalSection
	GlobalSection(ExtensibilityGlobals) = postSolution
		SolutionGuid = {52FA9374-F18D-41F0-A556-365AADF6B471}
	EndGlobalSection
EndGlobal
