
Microsoft Visual Studio Solution File, Format Version 12.00
# Visual Studio Version 18
VisualStudioVersion = 18.0.11201.2 d18.0
MinimumVisualStudioVersion = 16.0.0.0
Project("{9A19103F-16F7-4668-BE54-9A1E7A4F7556}") = "BlazorWebAppEntra", "BlazorWebAppEntra\BlazorWebAppEntra.csproj", "{7588C04C-A91C-46AA-A161-6441DDA6D1C8}"
EndProject
Project("{9A19103F-16F7-4668-BE54-9A1E7A4F7556}") = "BlazorWebAppEntra.Client", "BlazorWebAppEntra.Client\BlazorWebAppEntra.Client.csproj", "{DCAFB651-B1C8-48F1-AC85-0221F7378DDA}"
EndProject
Project("{FAE04EC0-301F-11D3-BF4B-00C04F79EFBC}") = "Aspire.AppHost", "Aspire\Aspire.AppHost\Aspire.AppHost.csproj", "{2F6AB681-C3FD-45F3-95C1-0FA9889CDEEA}"
EndProject
Project("{FAE04EC0-301F-11D3-BF4B-00C04F79EFBC}") = "Aspire.ServiceDefaults", "Aspire\Aspire.ServiceDefaults\Aspire.ServiceDefaults.csproj", "{13E08A9B-6736-4342-BFE7-A951BA3F36DC}"
EndProject
Project("{FAE04EC0-301F-11D3-BF4B-00C04F79EFBC}") = "MinimalApiJwt", "MinimalApiJwt\MinimalApiJwt.csproj", "{02B2EF75-0ED3-7B54-3753-8E8DD6236369}"
EndProject
Global
	GlobalSection(SolutionConfigurationPlatforms) = preSolution
		Debug|Any CPU = Debug|Any CPU
		Debug|x64 = Debug|x64
		Debug|x86 = Debug|x86
		Release|Any CPU = Release|Any CPU
		Release|x64 = Release|x64
		Release|x86 = Release|x86
	EndGlobalSection
	GlobalSection(ProjectConfigurationPlatforms) = postSolution
		{7588C04C-A91C-46AA-A161-6441DDA6D1C8}.Debug|Any CPU.ActiveCfg = Debug|Any CPU
		{7588C04C-A91C-46AA-A161-6441DDA6D1C8}.Debug|Any CPU.Build.0 = Debug|Any CPU
		{7588C04C-A91C-46AA-A161-6441DDA6D1C8}.Debug|x64.ActiveCfg = Debug|Any CPU
		{7588C04C-A91C-46AA-A161-6441DDA6D1C8}.Debug|x64.Build.0 = Debug|Any CPU
		{7588C04C-A91C-46AA-A161-6441DDA6D1C8}.Debug|x86.ActiveCfg = Debug|Any CPU
		{7588C04C-A91C-46AA-A161-6441DDA6D1C8}.Debug|x86.Build.0 = Debug|Any CPU
		{7588C04C-A91C-46AA-A161-6441DDA6D1C8}.Release|Any CPU.ActiveCfg = Release|Any CPU
		{7588C04C-A91C-46AA-A161-6441DDA6D1C8}.Release|Any CPU.Build.0 = Release|Any CPU
		{7588C04C-A91C-46AA-A161-6441DDA6D1C8}.Release|x64.ActiveCfg = Release|Any CPU
		{7588C04C-A91C-46AA-A161-6441DDA6D1C8}.Release|x64.Build.0 = Release|Any CPU
		{7588C04C-A91C-46AA-A161-6441DDA6D1C8}.Release|x86.ActiveCfg = Release|Any CPU
		{7588C04C-A91C-46AA-A161-6441DDA6D1C8}.Release|x86.Build.0 = Release|Any CPU
		{DCAFB651-B1C8-48F1-AC85-0221F7378DDA}.Debug|Any CPU.ActiveCfg = Debug|Any CPU
		{DCAFB651-B1C8-48F1-AC85-0221F7378DDA}.Debug|Any CPU.Build.0 = Debug|Any CPU
		{DCAFB651-B1C8-48F1-AC85-0221F7378DDA}.Debug|x64.ActiveCfg = Debug|Any CPU
		{DCAFB651-B1C8-48F1-AC85-0221F7378DDA}.Debug|x64.Build.0 = Debug|Any CPU
		{DCAFB651-B1C8-48F1-AC85-0221F7378DDA}.Debug|x86.ActiveCfg = Debug|Any CPU
		{DCAFB651-B1C8-48F1-AC85-0221F7378DDA}.Debug|x86.Build.0 = Debug|Any CPU
		{DCAFB651-B1C8-48F1-AC85-0221F7378DDA}.Release|Any CPU.ActiveCfg = Release|Any CPU
		{DCAFB651-B1C8-48F1-AC85-0221F7378DDA}.Release|Any CPU.Build.0 = Release|Any CPU
		{DCAFB651-B1C8-48F1-AC85-0221F7378DDA}.Release|x64.ActiveCfg = Release|Any CPU
		{DCAFB651-B1C8-48F1-AC85-0221F7378DDA}.Release|x64.Build.0 = Release|Any CPU
		{DCAFB651-B1C8-48F1-AC85-0221F7378DDA}.Release|x86.ActiveCfg = Release|Any CPU
		{DCAFB651-B1C8-48F1-AC85-0221F7378DDA}.Release|x86.Build.0 = Release|Any CPU
		{2F6AB681-C3FD-45F3-95C1-0FA9889CDEEA}.Debug|Any CPU.ActiveCfg = Debug|Any CPU
		{2F6AB681-C3FD-45F3-95C1-0FA9889CDEEA}.Debug|Any CPU.Build.0 = Debug|Any CPU
		{2F6AB681-C3FD-45F3-95C1-0FA9889CDEEA}.Debug|x64.ActiveCfg = Debug|Any CPU
		{2F6AB681-C3FD-45F3-95C1-0FA9889CDEEA}.Debug|x64.Build.0 = Debug|Any CPU
		{2F6AB681-C3FD-45F3-95C1-0FA9889CDEEA}.Debug|x86.ActiveCfg = Debug|Any CPU
		{2F6AB681-C3FD-45F3-95C1-0FA9889CDEEA}.Debug|x86.Build.0 = Debug|Any CPU
		{2F6AB681-C3FD-45F3-95C1-0FA9889CDEEA}.Release|Any CPU.ActiveCfg = Release|Any CPU
		{2F6AB681-C3FD-45F3-95C1-0FA9889CDEEA}.Release|Any CPU.Build.0 = Release|Any CPU
		{2F6AB681-C3FD-45F3-95C1-0FA9889CDEEA}.Release|x64.ActiveCfg = Release|Any CPU
		{2F6AB681-C3FD-45F3-95C1-0FA9889CDEEA}.Release|x64.Build.0 = Release|Any CPU
		{2F6AB681-C3FD-45F3-95C1-0FA9889CDEEA}.Release|x86.ActiveCfg = Release|Any CPU
		{2F6AB681-C3FD-45F3-95C1-0FA9889CDEEA}.Release|x86.Build.0 = Release|Any CPU
		{13E08A9B-6736-4342-BFE7-A951BA3F36DC}.Debug|Any CPU.ActiveCfg = Debug|Any CPU
		{13E08A9B-6736-4342-BFE7-A951BA3F36DC}.Debug|Any CPU.Build.0 = Debug|Any CPU
		{13E08A9B-6736-4342-BFE7-A951BA3F36DC}.Debug|x64.ActiveCfg = Debug|Any CPU
		{13E08A9B-6736-4342-BFE7-A951BA3F36DC}.Debug|x64.Build.0 = Debug|Any CPU
		{13E08A9B-6736-4342-BFE7-A951BA3F36DC}.Debug|x86.ActiveCfg = Debug|Any CPU
		{13E08A9B-6736-4342-BFE7-A951BA3F36DC}.Debug|x86.Build.0 = Debug|Any CPU
		{13E08A9B-6736-4342-BFE7-A951BA3F36DC}.Release|Any CPU.ActiveCfg = Release|Any CPU
		{13E08A9B-6736-4342-BFE7-A951BA3F36DC}.Release|Any CPU.Build.0 = Release|Any CPU
		{13E08A9B-6736-4342-BFE7-A951BA3F36DC}.Release|x64.ActiveCfg = Release|Any CPU
		{13E08A9B-6736-4342-BFE7-A951BA3F36DC}.Release|x64.Build.0 = Release|Any CPU
		{13E08A9B-6736-4342-BFE7-A951BA3F36DC}.Release|x86.ActiveCfg = Release|Any CPU
		{13E08A9B-6736-4342-BFE7-A951BA3F36DC}.Release|x86.Build.0 = Release|Any CPU
		{02B2EF75-0ED3-7B54-3753-8E8DD6236369}.Debug|Any CPU.ActiveCfg = Debug|Any CPU
		{02B2EF75-0ED3-7B54-3753-8E8DD6236369}.Debug|Any CPU.Build.0 = Debug|Any CPU
		{02B2EF75-0ED3-7B54-3753-8E8DD6236369}.Debug|x64.ActiveCfg = Debug|Any CPU
		{02B2EF75-0ED3-7B54-3753-8E8DD6236369}.Debug|x64.Build.0 = Debug|Any CPU
		{02B2EF75-0ED3-7B54-3753-8E8DD6236369}.Debug|x86.ActiveCfg = Debug|Any CPU
		{02B2EF75-0ED3-7B54-3753-8E8DD6236369}.Debug|x86.Build.0 = Debug|Any CPU
		{02B2EF75-0ED3-7B54-3753-8E8DD6236369}.Release|Any CPU.ActiveCfg = Release|Any CPU
		{02B2EF75-0ED3-7B54-3753-8E8DD6236369}.Release|Any CPU.Build.0 = Release|Any CPU
		{02B2EF75-0ED3-7B54-3753-8E8DD6236369}.Release|x64.ActiveCfg = Release|Any CPU
		{02B2EF75-0ED3-7B54-3753-8E8DD6236369}.Release|x64.Build.0 = Release|Any CPU
		{02B2EF75-0ED3-7B54-3753-8E8DD6236369}.Release|x86.ActiveCfg = Release|Any CPU
		{02B2EF75-0ED3-7B54-3753-8E8DD6236369}.Release|x86.Build.0 = Release|Any CPU
	EndGlobalSection
	GlobalSection(SolutionProperties) = preSolution
		HideSolutionNode = FALSE
	EndGlobalSection
	GlobalSection(ExtensibilityGlobals) = postSolution
		SolutionGuid = {A7BB58BC-6E37-4456-BCDB-80A7CE694BAD}
	EndGlobalSection
EndGlobal
