
Microsoft Visual Studio Solution File, Format Version 12.00
# Visual Studio Version 17
VisualStudioVersion = 17.3.32519.111
MinimumVisualStudioVersion = 10.0.40219.1
Project("{9A19103F-16F7-4668-BE54-9A1E7A4F7556}") = "BlazorSample", "BlazorSample.csproj", "{32719ACB-541F-4FD4-AAFA-F1762E18A0BE}"
EndProject
Global
	GlobalSection(SolutionConfigurationPlatforms) = preSolution
		Debug|Any CPU = Debug|Any CPU
		Release|Any CPU = Release|Any CPU
	EndGlobalSection
	GlobalSection(ProjectConfigurationPlatforms) = postSolution
		{32719ACB-541F-4FD4-AAFA-F1762E18A0BE}.Debug|Any CPU.ActiveCfg = Debug|Any CPU
		{32719ACB-541F-4FD4-AAFA-F1762E18A0BE}.Debug|Any CPU.Build.0 = Debug|Any CPU
		{32719ACB-541F-4FD4-AAFA-F1762E18A0BE}.Release|Any CPU.ActiveCfg = Release|Any CPU
		{32719ACB-541F-4FD4-AAFA-F1762E18A0BE}.Release|Any CPU.Build.0 = Release|Any CPU
	EndGlobalSection
	GlobalSection(SolutionProperties) = preSolution
		HideSolutionNode = FALSE
	EndGlobalSection
	GlobalSection(ExtensibilityGlobals) = postSolution
		SolutionGuid = {AE65A88A-962F-4AAA-875D-55A1B76835C3}
	EndGlobalSection
EndGlobal
