Microsoft Visual Studio Solution File, Format Version 12.00
# Visual Studio Version 16
VisualStudioVersion = 16.0.0.0
MinimumVisualStudioVersion = 16.0.0.0
Project("{9A19103F-16F7-4668-BE54-9A1E7A4F7556}") = "BlazorWebAssemblySignalRApp.Server", "Server\BlazorWebAssemblySignalRApp.Server.csproj", "{F90F368D-67D9-4F1C-BEEE-FC94C9775BE2}"
EndProject
Project("{9A19103F-16F7-4668-BE54-9A1E7A4F7556}") = "BlazorWebAssemblySignalRApp.Client", "Client\BlazorWebAssemblySignalRApp.Client.csproj", "{70F8EF65-01CD-4323-AC45-378C066505AF}"
EndProject
Project("{9A19103F-16F7-4668-BE54-9A1E7A4F7556}") = "BlazorWebAssemblySignalRApp.Shared", "Shared\BlazorWebAssemblySignalRApp.Shared.csproj", "{426C2393-4A79-4D5D-9235-4EFFAF49035F}"
EndProject
Global
	GlobalSection(SolutionConfigurationPlatforms) = preSolution
		Debug|Any CPU = Debug|Any CPU
		Debug|x64 = Debug|x64
		Debug|x86 = Debug|x86
		Release|Any CPU = Release|Any CPU
		Release|x64 = Release|x64
		Release|x86 = Release|x86
	EndGlobalSection
	GlobalSection(ProjectConfigurationPlatforms) = postSolution
		{70F8EF65-01CD-4323-AC45-378C066505AF}.Debug|Any CPU.ActiveCfg = Debug|Any CPU
		{70F8EF65-01CD-4323-AC45-378C066505AF}.Debug|Any CPU.Build.0 = Debug|Any CPU
		{70F8EF65-01CD-4323-AC45-378C066505AF}.Debug|x64.ActiveCfg = Debug|Any CPU
		{70F8EF65-01CD-4323-AC45-378C066505AF}.Debug|x64.Build.0 = Debug|Any CPU
		{70F8EF65-01CD-4323-AC45-378C066505AF}.Debug|x86.ActiveCfg = Debug|Any CPU
		{70F8EF65-01CD-4323-AC45-378C066505AF}.Debug|x86.Build.0 = Debug|Any CPU
		{70F8EF65-01CD-4323-AC45-378C066505AF}.Release|Any CPU.ActiveCfg = Release|Any CPU
		{70F8EF65-01CD-4323-AC45-378C066505AF}.Release|Any CPU.Build.0 = Release|Any CPU
		{70F8EF65-01CD-4323-AC45-378C066505AF}.Release|x64.ActiveCfg = Release|Any CPU
		{70F8EF65-01CD-4323-AC45-378C066505AF}.Release|x64.Build.0 = Release|Any CPU
		{70F8EF65-01CD-4323-AC45-378C066505AF}.Release|x86.ActiveCfg = Release|Any CPU
		{70F8EF65-01CD-4323-AC45-378C066505AF}.Release|x86.Build.0 = Release|Any CPU
		{F90F368D-67D9-4F1C-BEEE-FC94C9775BE2}.Debug|Any CPU.ActiveCfg = Debug|Any CPU
		{F90F368D-67D9-4F1C-BEEE-FC94C9775BE2}.Debug|Any CPU.Build.0 = Debug|Any CPU
		{F90F368D-67D9-4F1C-BEEE-FC94C9775BE2}.Debug|x64.ActiveCfg = Debug|Any CPU
		{F90F368D-67D9-4F1C-BEEE-FC94C9775BE2}.Debug|x64.Build.0 = Debug|Any CPU
		{F90F368D-67D9-4F1C-BEEE-FC94C9775BE2}.Debug|x86.ActiveCfg = Debug|Any CPU
		{F90F368D-67D9-4F1C-BEEE-FC94C9775BE2}.Debug|x86.Build.0 = Debug|Any CPU
		{F90F368D-67D9-4F1C-BEEE-FC94C9775BE2}.Release|Any CPU.ActiveCfg = Release|Any CPU
		{F90F368D-67D9-4F1C-BEEE-FC94C9775BE2}.Release|Any CPU.Build.0 = Release|Any CPU
		{F90F368D-67D9-4F1C-BEEE-FC94C9775BE2}.Release|x64.ActiveCfg = Release|Any CPU
		{F90F368D-67D9-4F1C-BEEE-FC94C9775BE2}.Release|x64.Build.0 = Release|Any CPU
		{F90F368D-67D9-4F1C-BEEE-FC94C9775BE2}.Release|x86.ActiveCfg = Release|Any CPU
		{F90F368D-67D9-4F1C-BEEE-FC94C9775BE2}.Release|x86.Build.0 = Release|Any CPU
		{426C2393-4A79-4D5D-9235-4EFFAF49035F}.Debug|Any CPU.ActiveCfg = Debug|Any CPU
		{426C2393-4A79-4D5D-9235-4EFFAF49035F}.Debug|Any CPU.Build.0 = Debug|Any CPU
		{426C2393-4A79-4D5D-9235-4EFFAF49035F}.Debug|x64.ActiveCfg = Debug|Any CPU
		{426C2393-4A79-4D5D-9235-4EFFAF49035F}.Debug|x64.Build.0 = Debug|Any CPU
		{426C2393-4A79-4D5D-9235-4EFFAF49035F}.Debug|x86.ActiveCfg = Debug|Any CPU
		{426C2393-4A79-4D5D-9235-4EFFAF49035F}.Debug|x86.Build.0 = Debug|Any CPU
		{426C2393-4A79-4D5D-9235-4EFFAF49035F}.Release|Any CPU.ActiveCfg = Release|Any CPU
		{426C2393-4A79-4D5D-9235-4EFFAF49035F}.Release|Any CPU.Build.0 = Release|Any CPU
		{426C2393-4A79-4D5D-9235-4EFFAF49035F}.Release|x64.ActiveCfg = Release|Any CPU
		{426C2393-4A79-4D5D-9235-4EFFAF49035F}.Release|x64.Build.0 = Release|Any CPU
		{426C2393-4A79-4D5D-9235-4EFFAF49035F}.Release|x86.ActiveCfg = Release|Any CPU
		{426C2393-4A79-4D5D-9235-4EFFAF49035F}.Release|x86.Build.0 = Release|Any CPU
	EndGlobalSection
	GlobalSection(SolutionProperties) = preSolution
		HideSolutionNode = FALSE
	EndGlobalSection
	GlobalSection(ExtensibilityGlobals) = postSolution
		SolutionGuid = {AEAAC4C4-7E5A-4812-A8AA-E493BE1856CC}
	EndGlobalSection
EndGlobal