
Microsoft Visual Studio Solution File, Format Version 12.00
# Visual Studio Version 18
VisualStudioVersion = 18.3.11218.70 d18.3
MinimumVisualStudioVersion = 10.0.40219.1
Project("{FAE04EC0-301F-11D3-BF4B-00C04F79EFBC}") = "BlazorWasm", "BlazorWasm.csproj", "{C130AD78-5381-25F8-31BC-8D6ABC8C689E}"
EndProject
Global
	GlobalSection(SolutionConfigurationPlatforms) = preSolution
		Debug|Any CPU = Debug|Any CPU
		Release|Any CPU = Release|Any CPU
	EndGlobalSection
	GlobalSection(ProjectConfigurationPlatforms) = postSolution
		{C130AD78-5381-25F8-31BC-8D6ABC8C689E}.Debug|Any CPU.ActiveCfg = Debug|Any CPU
		{C130AD78-5381-25F8-31BC-8D6ABC8C689E}.Debug|Any CPU.Build.0 = Debug|Any CPU
		{C130AD78-5381-25F8-31BC-8D6ABC8C689E}.Release|Any CPU.ActiveCfg = Release|Any CPU
		{C130AD78-5381-25F8-31BC-8D6ABC8C689E}.Release|Any CPU.Build.0 = Release|Any CPU
	EndGlobalSection
	GlobalSection(SolutionProperties) = preSolution
		HideSolutionNode = FALSE
	EndGlobalSection
	GlobalSection(ExtensibilityGlobals) = postSolution
		SolutionGuid = {30A17113-5A5F-430E-BF98-304E5F74DFBE}
	EndGlobalSection
EndGlobal
