
Microsoft Visual Studio Solution File, Format Version 12.00
# Visual Studio Version 17
VisualStudioVersion = 17.11.35017.193
MinimumVisualStudioVersion = 10.0.40219.1
Project("{FAE04EC0-301F-11D3-BF4B-00C04F79EFBC}") = "WASMBrowserApp", "WASMBrowserApp.csproj", "{79BD3A1A-E731-47D4-B422-36B5F27A6F59}"
EndProject
Global
	GlobalSection(SolutionConfigurationPlatforms) = preSolution
		Debug|Any CPU = Debug|Any CPU
		Release|Any CPU = Release|Any CPU
	EndGlobalSection
	GlobalSection(ProjectConfigurationPlatforms) = postSolution
		{79BD3A1A-E731-47D4-B422-36B5F27A6F59}.Debug|Any CPU.ActiveCfg = Debug|Any CPU
		{79BD3A1A-E731-47D4-B422-36B5F27A6F59}.Debug|Any CPU.Build.0 = Debug|Any CPU
		{79BD3A1A-E731-47D4-B422-36B5F27A6F59}.Release|Any CPU.ActiveCfg = Release|Any CPU
		{79BD3A1A-E731-47D4-B422-36B5F27A6F59}.Release|Any CPU.Build.0 = Release|Any CPU
	EndGlobalSection
	GlobalSection(SolutionProperties) = preSolution
		HideSolutionNode = FALSE
	EndGlobalSection
	GlobalSection(ExtensibilityGlobals) = postSolution
		SolutionGuid = {FF071CD5-57A7-4B2B-B1AB-C8103ED7D751}
	EndGlobalSection
EndGlobal
