
Microsoft Visual Studio Solution File, Format Version 12.00
# Visual Studio Version 17
VisualStudioVersion = 17.11.35017.193
MinimumVisualStudioVersion = 10.0.40219.1
Project("{FAE04EC0-301F-11D3-BF4B-00C04F79EFBC}") = "BlazorWebAppMovies", "BlazorWebAppMovies.csproj", "{479B0EE4-B630-471F-B978-C6F151411267}"
EndProject
Global
	GlobalSection(SolutionConfigurationPlatforms) = preSolution
		Debug|Any CPU = Debug|Any CPU
		Release|Any CPU = Release|Any CPU
	EndGlobalSection
	GlobalSection(ProjectConfigurationPlatforms) = postSolution
		{479B0EE4-B630-471F-B978-C6F151411267}.Debug|Any CPU.ActiveCfg = Debug|Any CPU
		{479B0EE4-B630-471F-B978-C6F151411267}.Debug|Any CPU.Build.0 = Debug|Any CPU
		{479B0EE4-B630-471F-B978-C6F151411267}.Release|Any CPU.ActiveCfg = Release|Any CPU
		{479B0EE4-B630-471F-B978-C6F151411267}.Release|Any CPU.Build.0 = Release|Any CPU
	EndGlobalSection
	GlobalSection(SolutionProperties) = preSolution
		HideSolutionNode = FALSE
	EndGlobalSection
	GlobalSection(ExtensibilityGlobals) = postSolution
		SolutionGuid = {5C56671E-3719-47B0-B877-BB852A8290E8}
	EndGlobalSection
EndGlobal
