
Microsoft Visual Studio Solution File, Format Version 12.00
# Visual Studio Version 17
VisualStudioVersion = 17.13.35507.96 d17.13
MinimumVisualStudioVersion = 10.0.40219.1
Project("{FAE04EC0-301F-11D3-BF4B-00C04F79EFBC}") = "BlazorWebAppMovies", "BlazorWebAppMovies.csproj", "{CBD0A073-A91F-4D3B-B944-7FE075360187}"
EndProject
Global
	GlobalSection(SolutionConfigurationPlatforms) = preSolution
		Debug|Any CPU = Debug|Any CPU
		Release|Any CPU = Release|Any CPU
	EndGlobalSection
	GlobalSection(ProjectConfigurationPlatforms) = postSolution
		{CBD0A073-A91F-4D3B-B944-7FE075360187}.Debug|Any CPU.ActiveCfg = Debug|Any CPU
		{CBD0A073-A91F-4D3B-B944-7FE075360187}.Debug|Any CPU.Build.0 = Debug|Any CPU
		{CBD0A073-A91F-4D3B-B944-7FE075360187}.Release|Any CPU.ActiveCfg = Release|Any CPU
		{CBD0A073-A91F-4D3B-B944-7FE075360187}.Release|Any CPU.Build.0 = Release|Any CPU
	EndGlobalSection
	GlobalSection(SolutionProperties) = preSolution
		HideSolutionNode = FALSE
	EndGlobalSection
	GlobalSection(ExtensibilityGlobals) = postSolution
		SolutionGuid = {CC1651A4-7652-4C58-A1EB-CD1C58C5A574}
	EndGlobalSection
EndGlobal
